{
  "originHash" : "5daa7fadd44483abaa81411331f62667035edf5cbf2963018c34918574229357",
  "pins" : [
    {
      "identity" : "sqlite.swift",
      "kind" : "remoteSourceControl",
      "location" : "https://github.com/stephencelis/SQLite.swift.git",
      "state" : {
        "revision" : "0c08856385fe24f7b76d8c51842d78a196e8e817",
        "version" : "0.15.5"
      }
    }
  ],
  "version" : 3
}
