// !$*UTF8*$!
{
	archiveVersion = 1;
	classes = {
	};
	objectVersion = 48;
	objects = {

/* Begin PBXBuildFile section */
		911CDEAE219759400038E08F /* PokemonEvolution.swift in Sources */ = {isa = PBXBuildFile; fileRef = 911CDEAD2197593F0038E08F /* PokemonEvolution.swift */; };
		911CDEB0219759400038E08F /* PokemonEvolution.swift in Sources */ = {isa = PBXBuildFile; fileRef = 911CDEAD2197593F0038E08F /* PokemonEvolution.swift */; };
		911CDEB2219759400038E08F /* PokemonEvolution.swift in Sources */ = {isa = PBXBuildFile; fileRef = 911CDEAD2197593F0038E08F /* PokemonEvolution.swift */; };
		911CDEB5219759A90038E08F /* Gender.swift in Sources */ = {isa = PBXBuildFile; fileRef = 911CDEB4219759A90038E08F /* Gender.swift */; };
		911CDEB7219759A90038E08F /* Gender.swift in Sources */ = {isa = PBXBuildFile; fileRef = 911CDEB4219759A90038E08F /* Gender.swift */; };
		911CDEB9219759A90038E08F /* Gender.swift in Sources */ = {isa = PBXBuildFile; fileRef = 911CDEB4219759A90038E08F /* Gender.swift */; };
		911CDEBC21975C7F0038E08F /* Time.swift in Sources */ = {isa = PBXBuildFile; fileRef = 911CDEBB21975C7F0038E08F /* Time.swift */; };
		911CDEBE21975C7F0038E08F /* Time.swift in Sources */ = {isa = PBXBuildFile; fileRef = 911CDEBB21975C7F0038E08F /* Time.swift */; };
		911CDEC021975C7F0038E08F /* Time.swift in Sources */ = {isa = PBXBuildFile; fileRef = 911CDEBB21975C7F0038E08F /* Time.swift */; };
		9121ED0320C6216B008C625B /* pokedex.sqlite in Resources */ = {isa = PBXBuildFile; fileRef = 9121ED0220C6216B008C625B /* pokedex.sqlite */; };
		9121ED0420C6216B008C625B /* pokedex.sqlite in Resources */ = {isa = PBXBuildFile; fileRef = 9121ED0220C6216B008C625B /* pokedex.sqlite */; };
		9121ED0520C6216B008C625B /* pokedex.sqlite in Resources */ = {isa = PBXBuildFile; fileRef = 9121ED0220C6216B008C625B /* pokedex.sqlite */; };
		9121ED0620C6216B008C625B /* pokedex.sqlite in Resources */ = {isa = PBXBuildFile; fileRef = 9121ED0220C6216B008C625B /* pokedex.sqlite */; };
		9121ED0720C6216B008C625B /* pokedex.sqlite in Resources */ = {isa = PBXBuildFile; fileRef = 9121ED0220C6216B008C625B /* pokedex.sqlite */; };
		9121ED0820C6216B008C625B /* pokedex.sqlite in Resources */ = {isa = PBXBuildFile; fileRef = 9121ED0220C6216B008C625B /* pokedex.sqlite */; };
		916FCD492470466B00D2A41C /* Queries.swift in Sources */ = {isa = PBXBuildFile; fileRef = 916FCD482470466B00D2A41C /* Queries.swift */; };
		916FCD4A247048F900D2A41C /* Queries.swift in Sources */ = {isa = PBXBuildFile; fileRef = 916FCD482470466B00D2A41C /* Queries.swift */; };
		916FCD4B247048FA00D2A41C /* Queries.swift in Sources */ = {isa = PBXBuildFile; fileRef = 916FCD482470466B00D2A41C /* Queries.swift */; };
		91A0DB79204710C600D7B67A /* PokemonKitTests.swift in Sources */ = {isa = PBXBuildFile; fileRef = 91A0DB78204710C600D7B67A /* PokemonKitTests.swift */; };
		91A0DB7B204710C600D7B67A /* PokemonKit.framework in Frameworks */ = {isa = PBXBuildFile; fileRef = 91A0DB5020470FFD00D7B67A /* PokemonKit.framework */; };
		91A0DB8A204710D000D7B67A /* PokemonKit.framework in Frameworks */ = {isa = PBXBuildFile; fileRef = 91A0DB5D2047101A00D7B67A /* PokemonKit.framework */; };
		91A0DB99204710D900D7B67A /* PokemonKit.framework in Frameworks */ = {isa = PBXBuildFile; fileRef = 91A0DB6A2047102400D7B67A /* PokemonKit.framework */; };
		91A0DBAC2047150E00D7B67A /* Ability.swift in Sources */ = {isa = PBXBuildFile; fileRef = 91A0DB292047072900D7B67A /* Ability.swift */; };
		91A0DBAD2047150E00D7B67A /* Action.swift in Sources */ = {isa = PBXBuildFile; fileRef = 91A0DB262047072800D7B67A /* Action.swift */; };
		91A0DBAE2047150E00D7B67A /* Attack.swift in Sources */ = {isa = PBXBuildFile; fileRef = 91A0DB272047072800D7B67A /* Attack.swift */; };
		91A0DBAF2047150E00D7B67A /* BattleAction.swift in Sources */ = {isa = PBXBuildFile; fileRef = 91A0DB212047072800D7B67A /* BattleAction.swift */; };
		91A0DBB02047150E00D7B67A /* BattleEngine.swift in Sources */ = {isa = PBXBuildFile; fileRef = 91A0DB2E2047072A00D7B67A /* BattleEngine.swift */; };
		91A0DBB12047150E00D7B67A /* BattleEngineViewer.swift in Sources */ = {isa = PBXBuildFile; fileRef = 91A0DB45204708D500D7B67A /* BattleEngineViewer.swift */; };
		91A0DBB22047150E00D7B67A /* MovesetItem.swift in Sources */ = {isa = PBXBuildFile; fileRef = 91A0DB2A2047072900D7B67A /* MovesetItem.swift */; };
		91A0DBB32047150E00D7B67A /* Nature.swift in Sources */ = {isa = PBXBuildFile; fileRef = 91A0DB232047072800D7B67A /* Nature.swift */; };
		91A0DBB42047150E00D7B67A /* Player.swift in Sources */ = {isa = PBXBuildFile; fileRef = 91A0DB2C2047072900D7B67A /* Player.swift */; };
		91A0DBB52047150E00D7B67A /* Pokedex.swift in Sources */ = {isa = PBXBuildFile; fileRef = 91A0DB2F2047072A00D7B67A /* Pokedex.swift */; };
		91A0DBB62047150E00D7B67A /* Pokemon.swift in Sources */ = {isa = PBXBuildFile; fileRef = 91A0DB2D2047072900D7B67A /* Pokemon.swift */; };
		91A0DBB72047150E00D7B67A /* PokemonSpecies.swift in Sources */ = {isa = PBXBuildFile; fileRef = 91A0DB222047072800D7B67A /* PokemonSpecies.swift */; };
		91A0DBB82047150E00D7B67A /* Random.swift in Sources */ = {isa = PBXBuildFile; fileRef = 91A0DB242047072800D7B67A /* Random.swift */; };
		91A0DBB92047150E00D7B67A /* Stats.swift in Sources */ = {isa = PBXBuildFile; fileRef = 91A0DB302047072A00D7B67A /* Stats.swift */; };
		91A0DBBA2047150E00D7B67A /* Status.swift in Sources */ = {isa = PBXBuildFile; fileRef = 91A0DB322047072A00D7B67A /* Status.swift */; };
		91A0DBBB2047150E00D7B67A /* Terrain.swift in Sources */ = {isa = PBXBuildFile; fileRef = 91A0DB252047072800D7B67A /* Terrain.swift */; };
		91A0DBBC2047150E00D7B67A /* Turn.swift in Sources */ = {isa = PBXBuildFile; fileRef = 91A0DB282047072900D7B67A /* Turn.swift */; };
		91A0DBBD2047150E00D7B67A /* Type.swift in Sources */ = {isa = PBXBuildFile; fileRef = 91A0DB2B2047072900D7B67A /* Type.swift */; };
		91A0DBBE2047150E00D7B67A /* Weather.swift in Sources */ = {isa = PBXBuildFile; fileRef = 91A0DB312047072A00D7B67A /* Weather.swift */; };
		91A0DBD22047150F00D7B67A /* Ability.swift in Sources */ = {isa = PBXBuildFile; fileRef = 91A0DB292047072900D7B67A /* Ability.swift */; };
		91A0DBD32047150F00D7B67A /* Action.swift in Sources */ = {isa = PBXBuildFile; fileRef = 91A0DB262047072800D7B67A /* Action.swift */; };
		91A0DBD42047150F00D7B67A /* Attack.swift in Sources */ = {isa = PBXBuildFile; fileRef = 91A0DB272047072800D7B67A /* Attack.swift */; };
		91A0DBD52047150F00D7B67A /* BattleAction.swift in Sources */ = {isa = PBXBuildFile; fileRef = 91A0DB212047072800D7B67A /* BattleAction.swift */; };
		91A0DBD62047150F00D7B67A /* BattleEngine.swift in Sources */ = {isa = PBXBuildFile; fileRef = 91A0DB2E2047072A00D7B67A /* BattleEngine.swift */; };
		91A0DBD72047150F00D7B67A /* BattleEngineViewer.swift in Sources */ = {isa = PBXBuildFile; fileRef = 91A0DB45204708D500D7B67A /* BattleEngineViewer.swift */; };
		91A0DBD82047150F00D7B67A /* MovesetItem.swift in Sources */ = {isa = PBXBuildFile; fileRef = 91A0DB2A2047072900D7B67A /* MovesetItem.swift */; };
		91A0DBD92047150F00D7B67A /* Nature.swift in Sources */ = {isa = PBXBuildFile; fileRef = 91A0DB232047072800D7B67A /* Nature.swift */; };
		91A0DBDA2047150F00D7B67A /* Player.swift in Sources */ = {isa = PBXBuildFile; fileRef = 91A0DB2C2047072900D7B67A /* Player.swift */; };
		91A0DBDB2047150F00D7B67A /* Pokedex.swift in Sources */ = {isa = PBXBuildFile; fileRef = 91A0DB2F2047072A00D7B67A /* Pokedex.swift */; };
		91A0DBDC2047150F00D7B67A /* Pokemon.swift in Sources */ = {isa = PBXBuildFile; fileRef = 91A0DB2D2047072900D7B67A /* Pokemon.swift */; };
		91A0DBDD2047150F00D7B67A /* PokemonSpecies.swift in Sources */ = {isa = PBXBuildFile; fileRef = 91A0DB222047072800D7B67A /* PokemonSpecies.swift */; };
		91A0DBDE2047150F00D7B67A /* Random.swift in Sources */ = {isa = PBXBuildFile; fileRef = 91A0DB242047072800D7B67A /* Random.swift */; };
		91A0DBDF2047150F00D7B67A /* Stats.swift in Sources */ = {isa = PBXBuildFile; fileRef = 91A0DB302047072A00D7B67A /* Stats.swift */; };
		91A0DBE02047150F00D7B67A /* Status.swift in Sources */ = {isa = PBXBuildFile; fileRef = 91A0DB322047072A00D7B67A /* Status.swift */; };
		91A0DBE12047150F00D7B67A /* Terrain.swift in Sources */ = {isa = PBXBuildFile; fileRef = 91A0DB252047072800D7B67A /* Terrain.swift */; };
		91A0DBE22047150F00D7B67A /* Turn.swift in Sources */ = {isa = PBXBuildFile; fileRef = 91A0DB282047072900D7B67A /* Turn.swift */; };
		91A0DBE32047150F00D7B67A /* Type.swift in Sources */ = {isa = PBXBuildFile; fileRef = 91A0DB2B2047072900D7B67A /* Type.swift */; };
		91A0DBE42047150F00D7B67A /* Weather.swift in Sources */ = {isa = PBXBuildFile; fileRef = 91A0DB312047072A00D7B67A /* Weather.swift */; };
		91A0DBF82047151100D7B67A /* Ability.swift in Sources */ = {isa = PBXBuildFile; fileRef = 91A0DB292047072900D7B67A /* Ability.swift */; };
		91A0DBF92047151100D7B67A /* Action.swift in Sources */ = {isa = PBXBuildFile; fileRef = 91A0DB262047072800D7B67A /* Action.swift */; };
		91A0DBFA2047151100D7B67A /* Attack.swift in Sources */ = {isa = PBXBuildFile; fileRef = 91A0DB272047072800D7B67A /* Attack.swift */; };
		91A0DBFB2047151100D7B67A /* BattleAction.swift in Sources */ = {isa = PBXBuildFile; fileRef = 91A0DB212047072800D7B67A /* BattleAction.swift */; };
		91A0DBFC2047151100D7B67A /* BattleEngine.swift in Sources */ = {isa = PBXBuildFile; fileRef = 91A0DB2E2047072A00D7B67A /* BattleEngine.swift */; };
		91A0DBFD2047151100D7B67A /* BattleEngineViewer.swift in Sources */ = {isa = PBXBuildFile; fileRef = 91A0DB45204708D500D7B67A /* BattleEngineViewer.swift */; };
		91A0DBFE2047151100D7B67A /* MovesetItem.swift in Sources */ = {isa = PBXBuildFile; fileRef = 91A0DB2A2047072900D7B67A /* MovesetItem.swift */; };
		91A0DBFF2047151100D7B67A /* Nature.swift in Sources */ = {isa = PBXBuildFile; fileRef = 91A0DB232047072800D7B67A /* Nature.swift */; };
		91A0DC002047151100D7B67A /* Player.swift in Sources */ = {isa = PBXBuildFile; fileRef = 91A0DB2C2047072900D7B67A /* Player.swift */; };
		91A0DC012047151100D7B67A /* Pokedex.swift in Sources */ = {isa = PBXBuildFile; fileRef = 91A0DB2F2047072A00D7B67A /* Pokedex.swift */; };
		91A0DC022047151100D7B67A /* Pokemon.swift in Sources */ = {isa = PBXBuildFile; fileRef = 91A0DB2D2047072900D7B67A /* Pokemon.swift */; };
		91A0DC032047151100D7B67A /* PokemonSpecies.swift in Sources */ = {isa = PBXBuildFile; fileRef = 91A0DB222047072800D7B67A /* PokemonSpecies.swift */; };
		91A0DC042047151100D7B67A /* Random.swift in Sources */ = {isa = PBXBuildFile; fileRef = 91A0DB242047072800D7B67A /* Random.swift */; };
		91A0DC052047151100D7B67A /* Stats.swift in Sources */ = {isa = PBXBuildFile; fileRef = 91A0DB302047072A00D7B67A /* Stats.swift */; };
		91A0DC062047151100D7B67A /* Status.swift in Sources */ = {isa = PBXBuildFile; fileRef = 91A0DB322047072A00D7B67A /* Status.swift */; };
		91A0DC072047151100D7B67A /* Terrain.swift in Sources */ = {isa = PBXBuildFile; fileRef = 91A0DB252047072800D7B67A /* Terrain.swift */; };
		91A0DC082047151100D7B67A /* Turn.swift in Sources */ = {isa = PBXBuildFile; fileRef = 91A0DB282047072900D7B67A /* Turn.swift */; };
		91A0DC092047151100D7B67A /* Type.swift in Sources */ = {isa = PBXBuildFile; fileRef = 91A0DB2B2047072900D7B67A /* Type.swift */; };
		91A0DC0A2047151100D7B67A /* Weather.swift in Sources */ = {isa = PBXBuildFile; fileRef = 91A0DB312047072A00D7B67A /* Weather.swift */; };
		91AA191920A29996004BF788 /* Generation.swift in Sources */ = {isa = PBXBuildFile; fileRef = 91AA191820A29996004BF788 /* Generation.swift */; };
		91AA191A20A29996004BF788 /* Generation.swift in Sources */ = {isa = PBXBuildFile; fileRef = 91AA191820A29996004BF788 /* Generation.swift */; };
		91AA191B20A29996004BF788 /* Generation.swift in Sources */ = {isa = PBXBuildFile; fileRef = 91AA191820A29996004BF788 /* Generation.swift */; };
		91B06ABC20C9E158005488E9 /* EggGroup.swift in Sources */ = {isa = PBXBuildFile; fileRef = 91B06ABB20C9E158005488E9 /* EggGroup.swift */; };
		91B06ABE20C9E158005488E9 /* EggGroup.swift in Sources */ = {isa = PBXBuildFile; fileRef = 91B06ABB20C9E158005488E9 /* EggGroup.swift */; };
		91B06AC020C9E158005488E9 /* EggGroup.swift in Sources */ = {isa = PBXBuildFile; fileRef = 91B06ABB20C9E158005488E9 /* EggGroup.swift */; };
		91BEEFD3204C73E800AF5792 /* SQLite.framework in Frameworks */ = {isa = PBXBuildFile; fileRef = 91BEEFD2204C73E800AF5792 /* SQLite.framework */; };
		91BEEFD6204C743F00AF5792 /* SQLite.framework in Frameworks */ = {isa = PBXBuildFile; fileRef = 91BEEFD5204C743F00AF5792 /* SQLite.framework */; };
		91BEEFD9204C747C00AF5792 /* SQLite.framework.dSYM in CopyFiles */ = {isa = PBXBuildFile; fileRef = 91BEEFD8204C747C00AF5792 /* SQLite.framework.dSYM */; settings = {ATTRIBUTES = (CodeSignOnCopy, ); }; };
		91BEEFDB204C748B00AF5792 /* SQLite.framework in Frameworks */ = {isa = PBXBuildFile; fileRef = 91BEEFDA204C748B00AF5792 /* SQLite.framework */; };
		91BEEFE5204C7F8800AF5792 /* SQLite.framework in Frameworks */ = {isa = PBXBuildFile; fileRef = 91BEEFD5204C743F00AF5792 /* SQLite.framework */; };
		91BEEFE6204C7F8B00AF5792 /* SQLite.framework in Frameworks */ = {isa = PBXBuildFile; fileRef = 91BEEFD2204C73E800AF5792 /* SQLite.framework */; };
		91BEEFE7204C7F9300AF5792 /* SQLite.framework in Frameworks */ = {isa = PBXBuildFile; fileRef = 91BEEFDA204C748B00AF5792 /* SQLite.framework */; };
		91C5F97E219CF79D008374F1 /* AccessTest.swift in Sources */ = {isa = PBXBuildFile; fileRef = 91C5F97D219CF79D008374F1 /* AccessTest.swift */; };
		91C5F97F219CF79D008374F1 /* AccessTest.swift in Sources */ = {isa = PBXBuildFile; fileRef = 91C5F97D219CF79D008374F1 /* AccessTest.swift */; };
		91C5F980219CF79D008374F1 /* AccessTest.swift in Sources */ = {isa = PBXBuildFile; fileRef = 91C5F97D219CF79D008374F1 /* AccessTest.swift */; };
		91DF932120499BD100F6C67B /* GameKit.framework in Frameworks */ = {isa = PBXBuildFile; fileRef = 91DF932020499BD100F6C67B /* GameKit.framework */; };
		91DF932320499BD700F6C67B /* GameKit.framework in Frameworks */ = {isa = PBXBuildFile; fileRef = 91DF932220499BD700F6C67B /* GameKit.framework */; };
		91EA215E206F859800C4B26D /* VolatileStatus.swift in Sources */ = {isa = PBXBuildFile; fileRef = 91EA215D206F859800C4B26D /* VolatileStatus.swift */; };
		91EA2160206F859800C4B26D /* VolatileStatus.swift in Sources */ = {isa = PBXBuildFile; fileRef = 91EA215D206F859800C4B26D /* VolatileStatus.swift */; };
		91EA2162206F859800C4B26D /* VolatileStatus.swift in Sources */ = {isa = PBXBuildFile; fileRef = 91EA215D206F859800C4B26D /* VolatileStatus.swift */; };
		91EA5317207BE150005A62CC /* StatusTests.swift in Sources */ = {isa = PBXBuildFile; fileRef = 91EA5316207BE150005A62CC /* StatusTests.swift */; };
		91EA5318207BE150005A62CC /* StatusTests.swift in Sources */ = {isa = PBXBuildFile; fileRef = 91EA5316207BE150005A62CC /* StatusTests.swift */; };
		91EA5319207BE150005A62CC /* StatusTests.swift in Sources */ = {isa = PBXBuildFile; fileRef = 91EA5316207BE150005A62CC /* StatusTests.swift */; };
		91FF59C220472F9C00CBEBD5 /* PokemonKitTests.swift in Sources */ = {isa = PBXBuildFile; fileRef = 91A0DB78204710C600D7B67A /* PokemonKitTests.swift */; };
		91FF59C320472F9D00CBEBD5 /* PokemonKitTests.swift in Sources */ = {isa = PBXBuildFile; fileRef = 91A0DB78204710C600D7B67A /* PokemonKitTests.swift */; };
/* End PBXBuildFile section */

/* Begin PBXContainerItemProxy section */
		91A0DB7C204710C600D7B67A /* PBXContainerItemProxy */ = {
			isa = PBXContainerItemProxy;
			containerPortal = 91A0DB0D204706FA00D7B67A /* Project object */;
			proxyType = 1;
			remoteGlobalIDString = 91A0DB4F20470FFD00D7B67A;
			remoteInfo = "PokemonKit-iOS";
		};
		91A0DB8B204710D000D7B67A /* PBXContainerItemProxy */ = {
			isa = PBXContainerItemProxy;
			containerPortal = 91A0DB0D204706FA00D7B67A /* Project object */;
			proxyType = 1;
			remoteGlobalIDString = 91A0DB5C2047101A00D7B67A;
			remoteInfo = "PokemonKit-macOS";
		};
		91A0DB9A204710D900D7B67A /* PBXContainerItemProxy */ = {
			isa = PBXContainerItemProxy;
			containerPortal = 91A0DB0D204706FA00D7B67A /* Project object */;
			proxyType = 1;
			remoteGlobalIDString = 91A0DB692047102400D7B67A;
			remoteInfo = "PokemonKit-tvOS";
		};
/* End PBXContainerItemProxy section */

/* Begin PBXCopyFilesBuildPhase section */
		91BEEFD7204C746100AF5792 /* CopyFiles */ = {
			isa = PBXCopyFilesBuildPhase;
			buildActionMask = 2147483647;
			dstPath = "";
			dstSubfolderSpec = 16;
			files = (
				91BEEFD9204C747C00AF5792 /* SQLite.framework.dSYM in CopyFiles */,
			);
			runOnlyForDeploymentPostprocessing = 0;
		};
/* End PBXCopyFilesBuildPhase section */

/* Begin PBXFileReference section */
		911CDEAD2197593F0038E08F /* PokemonEvolution.swift */ = {isa = PBXFileReference; lastKnownFileType = sourcecode.swift; path = PokemonEvolution.swift; sourceTree = "<group>"; };
		911CDEB4219759A90038E08F /* Gender.swift */ = {isa = PBXFileReference; lastKnownFileType = sourcecode.swift; path = Gender.swift; sourceTree = "<group>"; };
		911CDEBB21975C7F0038E08F /* Time.swift */ = {isa = PBXFileReference; lastKnownFileType = sourcecode.swift; path = Time.swift; sourceTree = "<group>"; };
		9121ED0220C6216B008C625B /* pokedex.sqlite */ = {isa = PBXFileReference; lastKnownFileType = file; path = pokedex.sqlite; sourceTree = "<group>"; };
		916FCD482470466B00D2A41C /* Queries.swift */ = {isa = PBXFileReference; lastKnownFileType = sourcecode.swift; path = Queries.swift; sourceTree = "<group>"; };
		91A0DB212047072800D7B67A /* BattleAction.swift */ = {isa = PBXFileReference; fileEncoding = 4; lastKnownFileType = sourcecode.swift; path = BattleAction.swift; sourceTree = "<group>"; };
		91A0DB222047072800D7B67A /* PokemonSpecies.swift */ = {isa = PBXFileReference; fileEncoding = 4; lastKnownFileType = sourcecode.swift; path = PokemonSpecies.swift; sourceTree = "<group>"; };
		91A0DB232047072800D7B67A /* Nature.swift */ = {isa = PBXFileReference; fileEncoding = 4; lastKnownFileType = sourcecode.swift; path = Nature.swift; sourceTree = "<group>"; };
		91A0DB242047072800D7B67A /* Random.swift */ = {isa = PBXFileReference; fileEncoding = 4; lastKnownFileType = sourcecode.swift; path = Random.swift; sourceTree = "<group>"; };
		91A0DB252047072800D7B67A /* Terrain.swift */ = {isa = PBXFileReference; fileEncoding = 4; lastKnownFileType = sourcecode.swift; path = Terrain.swift; sourceTree = "<group>"; };
		91A0DB262047072800D7B67A /* Action.swift */ = {isa = PBXFileReference; fileEncoding = 4; lastKnownFileType = sourcecode.swift; path = Action.swift; sourceTree = "<group>"; };
		91A0DB272047072800D7B67A /* Attack.swift */ = {isa = PBXFileReference; fileEncoding = 4; lastKnownFileType = sourcecode.swift; path = Attack.swift; sourceTree = "<group>"; };
		91A0DB282047072900D7B67A /* Turn.swift */ = {isa = PBXFileReference; fileEncoding = 4; lastKnownFileType = sourcecode.swift; path = Turn.swift; sourceTree = "<group>"; };
		91A0DB292047072900D7B67A /* Ability.swift */ = {isa = PBXFileReference; fileEncoding = 4; lastKnownFileType = sourcecode.swift; path = Ability.swift; sourceTree = "<group>"; };
		91A0DB2A2047072900D7B67A /* MovesetItem.swift */ = {isa = PBXFileReference; fileEncoding = 4; lastKnownFileType = sourcecode.swift; path = MovesetItem.swift; sourceTree = "<group>"; };
		91A0DB2B2047072900D7B67A /* Type.swift */ = {isa = PBXFileReference; fileEncoding = 4; lastKnownFileType = sourcecode.swift; path = Type.swift; sourceTree = "<group>"; };
		91A0DB2C2047072900D7B67A /* Player.swift */ = {isa = PBXFileReference; fileEncoding = 4; lastKnownFileType = sourcecode.swift; path = Player.swift; sourceTree = "<group>"; };
		91A0DB2D2047072900D7B67A /* Pokemon.swift */ = {isa = PBXFileReference; fileEncoding = 4; lastKnownFileType = sourcecode.swift; path = Pokemon.swift; sourceTree = "<group>"; };
		91A0DB2E2047072A00D7B67A /* BattleEngine.swift */ = {isa = PBXFileReference; fileEncoding = 4; lastKnownFileType = sourcecode.swift; path = BattleEngine.swift; sourceTree = "<group>"; };
		91A0DB2F2047072A00D7B67A /* Pokedex.swift */ = {isa = PBXFileReference; fileEncoding = 4; lastKnownFileType = sourcecode.swift; path = Pokedex.swift; sourceTree = "<group>"; };
		91A0DB302047072A00D7B67A /* Stats.swift */ = {isa = PBXFileReference; fileEncoding = 4; lastKnownFileType = sourcecode.swift; path = Stats.swift; sourceTree = "<group>"; };
		91A0DB312047072A00D7B67A /* Weather.swift */ = {isa = PBXFileReference; fileEncoding = 4; lastKnownFileType = sourcecode.swift; path = Weather.swift; sourceTree = "<group>"; };
		91A0DB322047072A00D7B67A /* Status.swift */ = {isa = PBXFileReference; fileEncoding = 4; lastKnownFileType = sourcecode.swift; path = Status.swift; sourceTree = "<group>"; };
		91A0DB45204708D500D7B67A /* BattleEngineViewer.swift */ = {isa = PBXFileReference; fileEncoding = 4; lastKnownFileType = sourcecode.swift; path = BattleEngineViewer.swift; sourceTree = "<group>"; };
		91A0DB5020470FFD00D7B67A /* PokemonKit.framework */ = {isa = PBXFileReference; explicitFileType = wrapper.framework; includeInIndex = 0; path = PokemonKit.framework; sourceTree = BUILT_PRODUCTS_DIR; };
		91A0DB5320470FFD00D7B67A /* Info.plist */ = {isa = PBXFileReference; lastKnownFileType = text.plist.xml; path = Info.plist; sourceTree = "<group>"; };
		91A0DB5D2047101A00D7B67A /* PokemonKit.framework */ = {isa = PBXFileReference; explicitFileType = wrapper.framework; includeInIndex = 0; path = PokemonKit.framework; sourceTree = BUILT_PRODUCTS_DIR; };
		91A0DB602047101A00D7B67A /* Info.plist */ = {isa = PBXFileReference; lastKnownFileType = text.plist.xml; path = Info.plist; sourceTree = "<group>"; };
		91A0DB6A2047102400D7B67A /* PokemonKit.framework */ = {isa = PBXFileReference; explicitFileType = wrapper.framework; includeInIndex = 0; path = PokemonKit.framework; sourceTree = BUILT_PRODUCTS_DIR; };
		91A0DB6D2047102500D7B67A /* Info.plist */ = {isa = PBXFileReference; lastKnownFileType = text.plist.xml; path = Info.plist; sourceTree = "<group>"; };
		91A0DB76204710C600D7B67A /* PokemonKit_iOSTests.xctest */ = {isa = PBXFileReference; explicitFileType = wrapper.cfbundle; includeInIndex = 0; path = PokemonKit_iOSTests.xctest; sourceTree = BUILT_PRODUCTS_DIR; };
		91A0DB78204710C600D7B67A /* PokemonKitTests.swift */ = {isa = PBXFileReference; lastKnownFileType = sourcecode.swift; path = PokemonKitTests.swift; sourceTree = "<group>"; };
		91A0DB7A204710C600D7B67A /* Info.plist */ = {isa = PBXFileReference; lastKnownFileType = text.plist.xml; path = Info.plist; sourceTree = "<group>"; };
		91A0DB85204710D000D7B67A /* PokemonKit_macOSTests.xctest */ = {isa = PBXFileReference; explicitFileType = wrapper.cfbundle; includeInIndex = 0; path = PokemonKit_macOSTests.xctest; sourceTree = BUILT_PRODUCTS_DIR; };
		91A0DB89204710D000D7B67A /* Info.plist */ = {isa = PBXFileReference; lastKnownFileType = text.plist.xml; path = Info.plist; sourceTree = "<group>"; };
		91A0DB94204710D900D7B67A /* PokemonKit_tvOSTests.xctest */ = {isa = PBXFileReference; explicitFileType = wrapper.cfbundle; includeInIndex = 0; path = PokemonKit_tvOSTests.xctest; sourceTree = BUILT_PRODUCTS_DIR; };
		91A0DB98204710D900D7B67A /* Info.plist */ = {isa = PBXFileReference; lastKnownFileType = text.plist.xml; path = Info.plist; sourceTree = "<group>"; };
		91AA191820A29996004BF788 /* Generation.swift */ = {isa = PBXFileReference; lastKnownFileType = sourcecode.swift; path = Generation.swift; sourceTree = "<group>"; };
		91B06ABB20C9E158005488E9 /* EggGroup.swift */ = {isa = PBXFileReference; lastKnownFileType = sourcecode.swift; path = EggGroup.swift; sourceTree = "<group>"; };
		91BEEFD2204C73E800AF5792 /* SQLite.framework */ = {isa = PBXFileReference; lastKnownFileType = wrapper.framework; name = SQLite.framework; path = Carthage/Build/iOS/SQLite.framework; sourceTree = "<group>"; };
		91BEEFD5204C743F00AF5792 /* SQLite.framework */ = {isa = PBXFileReference; lastKnownFileType = wrapper.framework; name = SQLite.framework; path = Carthage/Build/Mac/SQLite.framework; sourceTree = "<group>"; };
		91BEEFD8204C747C00AF5792 /* SQLite.framework.dSYM */ = {isa = PBXFileReference; lastKnownFileType = wrapper.dsym; path = SQLite.framework.dSYM; sourceTree = "<group>"; };
		91BEEFDA204C748B00AF5792 /* SQLite.framework */ = {isa = PBXFileReference; lastKnownFileType = wrapper.framework; name = SQLite.framework; path = Carthage/Build/tvOS/SQLite.framework; sourceTree = "<group>"; };
		91C5F97D219CF79D008374F1 /* AccessTest.swift */ = {isa = PBXFileReference; lastKnownFileType = sourcecode.swift; path = AccessTest.swift; sourceTree = "<group>"; };
		91DF932020499BD100F6C67B /* GameKit.framework */ = {isa = PBXFileReference; lastKnownFileType = wrapper.framework; name = GameKit.framework; path = System/Library/Frameworks/GameKit.framework; sourceTree = SDKROOT; };
		91DF932220499BD700F6C67B /* GameKit.framework */ = {isa = PBXFileReference; lastKnownFileType = wrapper.framework; name = GameKit.framework; path = Platforms/MacOSX.platform/Developer/SDKs/MacOSX10.13.sdk/System/Library/Frameworks/GameKit.framework; sourceTree = DEVELOPER_DIR; };
		91EA215D206F859800C4B26D /* VolatileStatus.swift */ = {isa = PBXFileReference; lastKnownFileType = sourcecode.swift; path = VolatileStatus.swift; sourceTree = "<group>"; };
		91EA5316207BE150005A62CC /* StatusTests.swift */ = {isa = PBXFileReference; lastKnownFileType = sourcecode.swift; path = StatusTests.swift; sourceTree = "<group>"; };
/* End PBXFileReference section */

/* Begin PBXFrameworksBuildPhase section */
		91A0DB4C20470FFD00D7B67A /* Frameworks */ = {
			isa = PBXFrameworksBuildPhase;
			buildActionMask = 2147483647;
			files = (
				91DF932120499BD100F6C67B /* GameKit.framework in Frameworks */,
				91BEEFD3204C73E800AF5792 /* SQLite.framework in Frameworks */,
			);
			runOnlyForDeploymentPostprocessing = 0;
		};
		91A0DB592047101A00D7B67A /* Frameworks */ = {
			isa = PBXFrameworksBuildPhase;
			buildActionMask = 2147483647;
			files = (
				91DF932320499BD700F6C67B /* GameKit.framework in Frameworks */,
				91BEEFD6204C743F00AF5792 /* SQLite.framework in Frameworks */,
			);
			runOnlyForDeploymentPostprocessing = 0;
		};
		91A0DB662047102400D7B67A /* Frameworks */ = {
			isa = PBXFrameworksBuildPhase;
			buildActionMask = 2147483647;
			files = (
				91BEEFDB204C748B00AF5792 /* SQLite.framework in Frameworks */,
			);
			runOnlyForDeploymentPostprocessing = 0;
		};
		91A0DB73204710C600D7B67A /* Frameworks */ = {
			isa = PBXFrameworksBuildPhase;
			buildActionMask = 2147483647;
			files = (
				91A0DB7B204710C600D7B67A /* PokemonKit.framework in Frameworks */,
				91BEEFE6204C7F8B00AF5792 /* SQLite.framework in Frameworks */,
			);
			runOnlyForDeploymentPostprocessing = 0;
		};
		91A0DB82204710D000D7B67A /* Frameworks */ = {
			isa = PBXFrameworksBuildPhase;
			buildActionMask = 2147483647;
			files = (
				91A0DB8A204710D000D7B67A /* PokemonKit.framework in Frameworks */,
				91BEEFE5204C7F8800AF5792 /* SQLite.framework in Frameworks */,
			);
			runOnlyForDeploymentPostprocessing = 0;
		};
		91A0DB91204710D900D7B67A /* Frameworks */ = {
			isa = PBXFrameworksBuildPhase;
			buildActionMask = 2147483647;
			files = (
				91A0DB99204710D900D7B67A /* PokemonKit.framework in Frameworks */,
				91BEEFE7204C7F9300AF5792 /* SQLite.framework in Frameworks */,
			);
			runOnlyForDeploymentPostprocessing = 0;
		};
/* End PBXFrameworksBuildPhase section */

/* Begin PBXGroup section */
		91A0DB0C204706FA00D7B67A = {
			isa = PBXGroup;
			children = (
				91A0DB18204706FA00D7B67A /* PokemonKit */,
				91A0DB17204706FA00D7B67A /* Products */,
				91DF931F20499BD100F6C67B /* Frameworks */,
			);
			sourceTree = "<group>";
		};
		91A0DB17204706FA00D7B67A /* Products */ = {
			isa = PBXGroup;
			children = (
				91A0DB5020470FFD00D7B67A /* PokemonKit.framework */,
				91A0DB5D2047101A00D7B67A /* PokemonKit.framework */,
				91A0DB6A2047102400D7B67A /* PokemonKit.framework */,
				91A0DB76204710C600D7B67A /* PokemonKit_iOSTests.xctest */,
				91A0DB85204710D000D7B67A /* PokemonKit_macOSTests.xctest */,
				91A0DB94204710D900D7B67A /* PokemonKit_tvOSTests.xctest */,
			);
			name = Products;
			sourceTree = "<group>";
		};
		91A0DB18204706FA00D7B67A /* PokemonKit */ = {
			isa = PBXGroup;
			children = (
				91A0DBA32047115F00D7B67A /* Tests */,
				91A0DB9F204710FF00D7B67A /* Assets */,
				91A0DB4A20470F8B00D7B67A /* Sources */,
			);
			path = PokemonKit;
			sourceTree = "<group>";
		};
		91A0DB4A20470F8B00D7B67A /* Sources */ = {
			isa = PBXGroup;
			children = (
				91A0DB292047072900D7B67A /* Ability.swift */,
				91A0DB262047072800D7B67A /* Action.swift */,
				91A0DB272047072800D7B67A /* Attack.swift */,
				91A0DB212047072800D7B67A /* BattleAction.swift */,
				91A0DB2E2047072A00D7B67A /* BattleEngine.swift */,
				91A0DB45204708D500D7B67A /* BattleEngineViewer.swift */,
				91B06ABB20C9E158005488E9 /* EggGroup.swift */,
				911CDEB4219759A90038E08F /* Gender.swift */,
				91AA191820A29996004BF788 /* Generation.swift */,
				91A0DB2A2047072900D7B67A /* MovesetItem.swift */,
				91A0DB232047072800D7B67A /* Nature.swift */,
				91A0DB2C2047072900D7B67A /* Player.swift */,
				91A0DB2F2047072A00D7B67A /* Pokedex.swift */,
				91A0DB2D2047072900D7B67A /* Pokemon.swift */,
				911CDEAD2197593F0038E08F /* PokemonEvolution.swift */,
				91A0DB222047072800D7B67A /* PokemonSpecies.swift */,
				916FCD482470466B00D2A41C /* Queries.swift */,
				91A0DB242047072800D7B67A /* Random.swift */,
				91A0DB302047072A00D7B67A /* Stats.swift */,
				91A0DB322047072A00D7B67A /* Status.swift */,
				91A0DB252047072800D7B67A /* Terrain.swift */,
				911CDEBB21975C7F0038E08F /* Time.swift */,
				91A0DB282047072900D7B67A /* Turn.swift */,
				91A0DB2B2047072900D7B67A /* Type.swift */,
				91EA215D206F859800C4B26D /* VolatileStatus.swift */,
				91A0DB312047072A00D7B67A /* Weather.swift */,
			);
			path = Sources;
			sourceTree = "<group>";
		};
		91A0DB9F204710FF00D7B67A /* Assets */ = {
			isa = PBXGroup;
			children = (
				9121ED0220C6216B008C625B /* pokedex.sqlite */,
				91A0DBA22047111800D7B67A /* tvOS */,
				91A0DBA12047111300D7B67A /* macOS */,
				91A0DBA02047111000D7B67A /* iOS */,
			);
			path = Assets;
			sourceTree = "<group>";
		};
		91A0DBA02047111000D7B67A /* iOS */ = {
			isa = PBXGroup;
			children = (
				91A0DB5320470FFD00D7B67A /* Info.plist */,
			);
			path = iOS;
			sourceTree = "<group>";
		};
		91A0DBA12047111300D7B67A /* macOS */ = {
			isa = PBXGroup;
			children = (
				91BEEFD8204C747C00AF5792 /* SQLite.framework.dSYM */,
				91A0DB602047101A00D7B67A /* Info.plist */,
			);
			path = macOS;
			sourceTree = "<group>";
		};
		91A0DBA22047111800D7B67A /* tvOS */ = {
			isa = PBXGroup;
			children = (
				91A0DB6D2047102500D7B67A /* Info.plist */,
			);
			path = tvOS;
			sourceTree = "<group>";
		};
		91A0DBA32047115F00D7B67A /* Tests */ = {
			isa = PBXGroup;
			children = (
				91A0DBA7204711AC00D7B67A /* Sources */,
				91A0DBA62047116E00D7B67A /* tvOS */,
				91A0DBA52047116A00D7B67A /* macOS */,
				91A0DBA42047116500D7B67A /* iOS */,
			);
			path = Tests;
			sourceTree = "<group>";
		};
		91A0DBA42047116500D7B67A /* iOS */ = {
			isa = PBXGroup;
			children = (
				91A0DB7A204710C600D7B67A /* Info.plist */,
			);
			path = iOS;
			sourceTree = "<group>";
		};
		91A0DBA52047116A00D7B67A /* macOS */ = {
			isa = PBXGroup;
			children = (
				91A0DB89204710D000D7B67A /* Info.plist */,
			);
			path = macOS;
			sourceTree = "<group>";
		};
		91A0DBA62047116E00D7B67A /* tvOS */ = {
			isa = PBXGroup;
			children = (
				91A0DB98204710D900D7B67A /* Info.plist */,
			);
			path = tvOS;
			sourceTree = "<group>";
		};
		91A0DBA7204711AC00D7B67A /* Sources */ = {
			isa = PBXGroup;
			children = (
				91A0DB78204710C600D7B67A /* PokemonKitTests.swift */,
				91EA5316207BE150005A62CC /* StatusTests.swift */,
				91C5F97D219CF79D008374F1 /* AccessTest.swift */,
			);
			path = Sources;
			sourceTree = "<group>";
		};
		91DF931F20499BD100F6C67B /* Frameworks */ = {
			isa = PBXGroup;
			children = (
				91BEEFD2204C73E800AF5792 /* SQLite.framework */,
				91BEEFD5204C743F00AF5792 /* SQLite.framework */,
				91BEEFDA204C748B00AF5792 /* SQLite.framework */,
				91DF932220499BD700F6C67B /* GameKit.framework */,
				91DF932020499BD100F6C67B /* GameKit.framework */,
			);
			name = Frameworks;
			sourceTree = "<group>";
		};
/* End PBXGroup section */

/* Begin PBXHeadersBuildPhase section */
		91A0DB4D20470FFD00D7B67A /* Headers */ = {
			isa = PBXHeadersBuildPhase;
			buildActionMask = 2147483647;
			files = (
			);
			runOnlyForDeploymentPostprocessing = 0;
		};
		91A0DB5A2047101A00D7B67A /* Headers */ = {
			isa = PBXHeadersBuildPhase;
			buildActionMask = 2147483647;
			files = (
			);
			runOnlyForDeploymentPostprocessing = 0;
		};
		91A0DB672047102400D7B67A /* Headers */ = {
			isa = PBXHeadersBuildPhase;
			buildActionMask = 2147483647;
			files = (
			);
			runOnlyForDeploymentPostprocessing = 0;
		};
/* End PBXHeadersBuildPhase section */

/* Begin PBXNativeTarget section */
		91A0DB4F20470FFD00D7B67A /* PokemonKit-iOS */ = {
			isa = PBXNativeTarget;
			buildConfigurationList = 91A0DB5520470FFD00D7B67A /* Build configuration list for PBXNativeTarget "PokemonKit-iOS" */;
			buildPhases = (
				916FCD45247031DC00D2A41C /* SwiftLint */,
				91A0DB4B20470FFD00D7B67A /* Sources */,
				91A0DB4C20470FFD00D7B67A /* Frameworks */,
				91A0DB4D20470FFD00D7B67A /* Headers */,
				91A0DB4E20470FFD00D7B67A /* Resources */,
				91BEEFD4204C73FF00AF5792 /* Carthage */,
			);
			buildRules = (
			);
			dependencies = (
			);
			name = "PokemonKit-iOS";
			productName = "PokemonKit-iOS";
			productReference = 91A0DB5020470FFD00D7B67A /* PokemonKit.framework */;
			productType = "com.apple.product-type.framework";
		};
		91A0DB5C2047101A00D7B67A /* PokemonKit-macOS */ = {
			isa = PBXNativeTarget;
			buildConfigurationList = 91A0DB622047101A00D7B67A /* Build configuration list for PBXNativeTarget "PokemonKit-macOS" */;
			buildPhases = (
				916FCD462470335800D2A41C /* SwiftLint */,
				91A0DB582047101A00D7B67A /* Sources */,
				91A0DB592047101A00D7B67A /* Frameworks */,
				91A0DB5A2047101A00D7B67A /* Headers */,
				91A0DB5B2047101A00D7B67A /* Resources */,
				91BEEFD7204C746100AF5792 /* CopyFiles */,
			);
			buildRules = (
			);
			dependencies = (
			);
			name = "PokemonKit-macOS";
			productName = "PokemonKit-macOS";
			productReference = 91A0DB5D2047101A00D7B67A /* PokemonKit.framework */;
			productType = "com.apple.product-type.framework";
		};
		91A0DB692047102400D7B67A /* PokemonKit-tvOS */ = {
			isa = PBXNativeTarget;
			buildConfigurationList = 91A0DB6F2047102500D7B67A /* Build configuration list for PBXNativeTarget "PokemonKit-tvOS" */;
			buildPhases = (
				916FCD472470337E00D2A41C /* SwiftLint */,
				91A0DB652047102400D7B67A /* Sources */,
				91A0DB662047102400D7B67A /* Frameworks */,
				91A0DB672047102400D7B67A /* Headers */,
				91A0DB682047102400D7B67A /* Resources */,
				91BEEFDC204C749100AF5792 /* Carthage */,
			);
			buildRules = (
			);
			dependencies = (
			);
			name = "PokemonKit-tvOS";
			productName = "PokemonKit-tvOS";
			productReference = 91A0DB6A2047102400D7B67A /* PokemonKit.framework */;
			productType = "com.apple.product-type.framework";
		};
		91A0DB75204710C600D7B67A /* PokemonKit_iOSTests */ = {
			isa = PBXNativeTarget;
			buildConfigurationList = 91A0DB7E204710C600D7B67A /* Build configuration list for PBXNativeTarget "PokemonKit_iOSTests" */;
			buildPhases = (
				91A0DB72204710C600D7B67A /* Sources */,
				91A0DB73204710C600D7B67A /* Frameworks */,
				91A0DB74204710C600D7B67A /* Resources */,
				91BEEFE8204C804A00AF5792 /* ShellScript */,
			);
			buildRules = (
			);
			dependencies = (
				91A0DB7D204710C600D7B67A /* PBXTargetDependency */,
			);
			name = PokemonKit_iOSTests;
			productName = PokemonKit_iOSTests;
			productReference = 91A0DB76204710C600D7B67A /* PokemonKit_iOSTests.xctest */;
			productType = "com.apple.product-type.bundle.unit-test";
		};
		91A0DB84204710D000D7B67A /* PokemonKit_macOSTests */ = {
			isa = PBXNativeTarget;
			buildConfigurationList = 91A0DB8D204710D000D7B67A /* Build configuration list for PBXNativeTarget "PokemonKit_macOSTests" */;
			buildPhases = (
				91A0DB81204710D000D7B67A /* Sources */,
				91A0DB82204710D000D7B67A /* Frameworks */,
				91A0DB83204710D000D7B67A /* Resources */,
				91F8D41B205016DA00F8B53C /* ShellScript */,
			);
			buildRules = (
			);
			dependencies = (
				91A0DB8C204710D000D7B67A /* PBXTargetDependency */,
			);
			name = PokemonKit_macOSTests;
			productName = PokemonKit_macOSTests;
			productReference = 91A0DB85204710D000D7B67A /* PokemonKit_macOSTests.xctest */;
			productType = "com.apple.product-type.bundle.unit-test";
		};
		91A0DB93204710D900D7B67A /* PokemonKit_tvOSTests */ = {
			isa = PBXNativeTarget;
			buildConfigurationList = 91A0DB9C204710D900D7B67A /* Build configuration list for PBXNativeTarget "PokemonKit_tvOSTests" */;
			buildPhases = (
				91A0DB90204710D900D7B67A /* Sources */,
				91A0DB91204710D900D7B67A /* Frameworks */,
				91A0DB92204710D900D7B67A /* Resources */,
				91BEEFEA204C806100AF5792 /* ShellScript */,
			);
			buildRules = (
			);
			dependencies = (
				91A0DB9B204710D900D7B67A /* PBXTargetDependency */,
			);
			name = PokemonKit_tvOSTests;
			productName = PokemonKit_tvOSTests;
			productReference = 91A0DB94204710D900D7B67A /* PokemonKit_tvOSTests.xctest */;
			productType = "com.apple.product-type.bundle.unit-test";
		};
/* End PBXNativeTarget section */

/* Begin PBXProject section */
		91A0DB0D204706FA00D7B67A /* Project object */ = {
			isa = PBXProject;
			attributes = {
				LastSwiftUpdateCheck = 0920;
				LastUpgradeCheck = 0930;
				ORGANIZATIONNAME = "Rhys Morgan";
				TargetAttributes = {
					91A0DB4F20470FFD00D7B67A = {
						CreatedOnToolsVersion = 9.2;
						LastSwiftMigration = 1020;
						ProvisioningStyle = Automatic;
					};
					91A0DB5C2047101A00D7B67A = {
						CreatedOnToolsVersion = 9.2;
						LastSwiftMigration = 1020;
						ProvisioningStyle = Automatic;
					};
					91A0DB692047102400D7B67A = {
						CreatedOnToolsVersion = 9.2;
						LastSwiftMigration = 1020;
						ProvisioningStyle = Automatic;
					};
					91A0DB75204710C600D7B67A = {
						CreatedOnToolsVersion = 9.2;
						LastSwiftMigration = 1020;
						ProvisioningStyle = Automatic;
					};
					91A0DB84204710D000D7B67A = {
						CreatedOnToolsVersion = 9.2;
						LastSwiftMigration = 1020;
						ProvisioningStyle = Automatic;
					};
					91A0DB93204710D900D7B67A = {
						CreatedOnToolsVersion = 9.2;
						LastSwiftMigration = 1020;
						ProvisioningStyle = Automatic;
					};
				};
			};
			buildConfigurationList = 91A0DB10204706FA00D7B67A /* Build configuration list for PBXProject "PokemonKit" */;
			compatibilityVersion = "Xcode 8.0";
			developmentRegion = en;
			hasScannedForEncodings = 0;
			knownRegions = (
				en,
			);
			mainGroup = 91A0DB0C204706FA00D7B67A;
			productRefGroup = 91A0DB17204706FA00D7B67A /* Products */;
			projectDirPath = "";
			projectRoot = "";
			targets = (
				91A0DB4F20470FFD00D7B67A /* PokemonKit-iOS */,
				91A0DB75204710C600D7B67A /* PokemonKit_iOSTests */,
				91A0DB5C2047101A00D7B67A /* PokemonKit-macOS */,
				91A0DB84204710D000D7B67A /* PokemonKit_macOSTests */,
				91A0DB692047102400D7B67A /* PokemonKit-tvOS */,
				91A0DB93204710D900D7B67A /* PokemonKit_tvOSTests */,
			);
		};
/* End PBXProject section */

/* Begin PBXResourcesBuildPhase section */
		91A0DB4E20470FFD00D7B67A /* Resources */ = {
			isa = PBXResourcesBuildPhase;
			buildActionMask = 2147483647;
			files = (
				9121ED0320C6216B008C625B /* pokedex.sqlite in Resources */,
			);
			runOnlyForDeploymentPostprocessing = 0;
		};
		91A0DB5B2047101A00D7B67A /* Resources */ = {
			isa = PBXResourcesBuildPhase;
			buildActionMask = 2147483647;
			files = (
				9121ED0520C6216B008C625B /* pokedex.sqlite in Resources */,
			);
			runOnlyForDeploymentPostprocessing = 0;
		};
		91A0DB682047102400D7B67A /* Resources */ = {
			isa = PBXResourcesBuildPhase;
			buildActionMask = 2147483647;
			files = (
				9121ED0720C6216B008C625B /* pokedex.sqlite in Resources */,
			);
			runOnlyForDeploymentPostprocessing = 0;
		};
		91A0DB74204710C600D7B67A /* Resources */ = {
			isa = PBXResourcesBuildPhase;
			buildActionMask = 2147483647;
			files = (
				9121ED0420C6216B008C625B /* pokedex.sqlite in Resources */,
			);
			runOnlyForDeploymentPostprocessing = 0;
		};
		91A0DB83204710D000D7B67A /* Resources */ = {
			isa = PBXResourcesBuildPhase;
			buildActionMask = 2147483647;
			files = (
				9121ED0620C6216B008C625B /* pokedex.sqlite in Resources */,
			);
			runOnlyForDeploymentPostprocessing = 0;
		};
		91A0DB92204710D900D7B67A /* Resources */ = {
			isa = PBXResourcesBuildPhase;
			buildActionMask = 2147483647;
			files = (
				9121ED0820C6216B008C625B /* pokedex.sqlite in Resources */,
			);
			runOnlyForDeploymentPostprocessing = 0;
		};
/* End PBXResourcesBuildPhase section */

/* Begin PBXShellScriptBuildPhase section */
		916FCD45247031DC00D2A41C /* SwiftLint */ = {
			isa = PBXShellScriptBuildPhase;
			buildActionMask = 2147483647;
			files = (
			);
			inputFileListPaths = (
			);
			inputPaths = (
			);
			name = SwiftLint;
			outputFileListPaths = (
			);
			outputPaths = (
			);
			runOnlyForDeploymentPostprocessing = 0;
			shellPath = /bin/sh;
			shellScript = "if which swiftlint >/dev/null; then\n  swiftlint\nelse\n  echo \"warning: SwiftLint not installed, download from https://github.com/realm/SwiftLint\"\nfi\n";
		};
		916FCD462470335800D2A41C /* SwiftLint */ = {
			isa = PBXShellScriptBuildPhase;
			buildActionMask = 2147483647;
			files = (
			);
			inputFileListPaths = (
			);
			inputPaths = (
			);
			name = SwiftLint;
			outputFileListPaths = (
			);
			outputPaths = (
			);
			runOnlyForDeploymentPostprocessing = 0;
			shellPath = /bin/sh;
			shellScript = "if which swiftlint >/dev/null; then\n  swiftlint\nelse\n  echo \"warning: SwiftLint not installed, download from https://github.com/realm/SwiftLint\"\nfi\n";
		};
		916FCD472470337E00D2A41C /* SwiftLint */ = {
			isa = PBXShellScriptBuildPhase;
			buildActionMask = 2147483647;
			files = (
			);
			inputFileListPaths = (
			);
			inputPaths = (
			);
			name = SwiftLint;
			outputFileListPaths = (
			);
			outputPaths = (
			);
			runOnlyForDeploymentPostprocessing = 0;
			shellPath = /bin/sh;
			shellScript = "if which swiftlint >/dev/null; then\n  swiftlint\nelse\n  echo \"warning: SwiftLint not installed, download from https://github.com/realm/SwiftLint\"\nfi\n";
		};
		91BEEFD4204C73FF00AF5792 /* Carthage */ = {
			isa = PBXShellScriptBuildPhase;
			buildActionMask = 2147483647;
			files = (
			);
			inputPaths = (
				"$(SRCROOT)/Carthage/Build/iOS/SQLite.framework",
			);
			name = Carthage;
			outputPaths = (
			);
			runOnlyForDeploymentPostprocessing = 0;
			shellPath = /bin/sh;
			shellScript = "/usr/local/bin/carthage copy-frameworks\n";
		};
		91BEEFDC204C749100AF5792 /* Carthage */ = {
			isa = PBXShellScriptBuildPhase;
			buildActionMask = 2147483647;
			files = (
			);
			inputPaths = (
				"$(SRCROOT)/Carthage/Build/tvOS/SQLite.framework",
			);
			name = Carthage;
			outputPaths = (
			);
			runOnlyForDeploymentPostprocessing = 0;
			shellPath = /bin/sh;
			shellScript = "/usr/local/bin/carthage copy-frameworks\n";
		};
		91BEEFE8204C804A00AF5792 /* ShellScript */ = {
			isa = PBXShellScriptBuildPhase;
			buildActionMask = 2147483647;
			files = (
			);
			inputPaths = (
				"$(SRCROOT)/Carthage/Build/iOS/SQLite.framework",
			);
			outputPaths = (
			);
			runOnlyForDeploymentPostprocessing = 0;
			shellPath = /bin/sh;
			shellScript = "/usr/local/bin/carthage copy-frameworks";
		};
		91BEEFEA204C806100AF5792 /* ShellScript */ = {
			isa = PBXShellScriptBuildPhase;
			buildActionMask = 2147483647;
			files = (
			);
			inputPaths = (
				"$(SRCROOT)/Carthage/Build/tvOS/SQLite.framework",
			);
			outputPaths = (
			);
			runOnlyForDeploymentPostprocessing = 0;
			shellPath = /bin/sh;
			shellScript = "/usr/local/bin/carthage copy-frameworks";
		};
		91F8D41B205016DA00F8B53C /* ShellScript */ = {
			isa = PBXShellScriptBuildPhase;
			buildActionMask = 2147483647;
			files = (
			);
			inputPaths = (
				"$(SRCROOT)/Carthage/Build/Mac/SQLite.framework",
			);
			outputPaths = (
			);
			runOnlyForDeploymentPostprocessing = 0;
			shellPath = /bin/sh;
			shellScript = "/usr/local/bin/carthage copy-frameworks";
		};
/* End PBXShellScriptBuildPhase section */

/* Begin PBXSourcesBuildPhase section */
		91A0DB4B20470FFD00D7B67A /* Sources */ = {
			isa = PBXSourcesBuildPhase;
			buildActionMask = 2147483647;
			files = (
				91A0DBB72047150E00D7B67A /* PokemonSpecies.swift in Sources */,
				91A0DBBC2047150E00D7B67A /* Turn.swift in Sources */,
				91A0DBAC2047150E00D7B67A /* Ability.swift in Sources */,
				91A0DBB82047150E00D7B67A /* Random.swift in Sources */,
				91A0DBB92047150E00D7B67A /* Stats.swift in Sources */,
				91A0DBB22047150E00D7B67A /* MovesetItem.swift in Sources */,
				91A0DBB52047150E00D7B67A /* Pokedex.swift in Sources */,
				911CDEBC21975C7F0038E08F /* Time.swift in Sources */,
				91A0DBAD2047150E00D7B67A /* Action.swift in Sources */,
				91A0DBAE2047150E00D7B67A /* Attack.swift in Sources */,
				916FCD492470466B00D2A41C /* Queries.swift in Sources */,
				91B06ABC20C9E158005488E9 /* EggGroup.swift in Sources */,
				91A0DBB12047150E00D7B67A /* BattleEngineViewer.swift in Sources */,
				911CDEAE219759400038E08F /* PokemonEvolution.swift in Sources */,
				911CDEB5219759A90038E08F /* Gender.swift in Sources */,
				91A0DBB62047150E00D7B67A /* Pokemon.swift in Sources */,
				91A0DBAF2047150E00D7B67A /* BattleAction.swift in Sources */,
				91A0DBBA2047150E00D7B67A /* Status.swift in Sources */,
				91A0DBB32047150E00D7B67A /* Nature.swift in Sources */,
				91A0DBBB2047150E00D7B67A /* Terrain.swift in Sources */,
				91A0DBBE2047150E00D7B67A /* Weather.swift in Sources */,
				91A0DBB42047150E00D7B67A /* Player.swift in Sources */,
				91A0DBB02047150E00D7B67A /* BattleEngine.swift in Sources */,
				91EA215E206F859800C4B26D /* VolatileStatus.swift in Sources */,
				91AA191920A29996004BF788 /* Generation.swift in Sources */,
				91A0DBBD2047150E00D7B67A /* Type.swift in Sources */,
			);
			runOnlyForDeploymentPostprocessing = 0;
		};
		91A0DB582047101A00D7B67A /* Sources */ = {
			isa = PBXSourcesBuildPhase;
			buildActionMask = 2147483647;
			files = (
				91A0DBDD2047150F00D7B67A /* PokemonSpecies.swift in Sources */,
				91A0DBE22047150F00D7B67A /* Turn.swift in Sources */,
				91A0DBD22047150F00D7B67A /* Ability.swift in Sources */,
				91A0DBDE2047150F00D7B67A /* Random.swift in Sources */,
				91A0DBDF2047150F00D7B67A /* Stats.swift in Sources */,
				91A0DBD82047150F00D7B67A /* MovesetItem.swift in Sources */,
				91A0DBDB2047150F00D7B67A /* Pokedex.swift in Sources */,
				911CDEBE21975C7F0038E08F /* Time.swift in Sources */,
				91A0DBD32047150F00D7B67A /* Action.swift in Sources */,
				91A0DBD42047150F00D7B67A /* Attack.swift in Sources */,
				916FCD4A247048F900D2A41C /* Queries.swift in Sources */,
				91B06ABE20C9E158005488E9 /* EggGroup.swift in Sources */,
				91A0DBD72047150F00D7B67A /* BattleEngineViewer.swift in Sources */,
				911CDEB0219759400038E08F /* PokemonEvolution.swift in Sources */,
				911CDEB7219759A90038E08F /* Gender.swift in Sources */,
				91A0DBDC2047150F00D7B67A /* Pokemon.swift in Sources */,
				91A0DBD52047150F00D7B67A /* BattleAction.swift in Sources */,
				91A0DBE02047150F00D7B67A /* Status.swift in Sources */,
				91A0DBD92047150F00D7B67A /* Nature.swift in Sources */,
				91A0DBE12047150F00D7B67A /* Terrain.swift in Sources */,
				91A0DBE42047150F00D7B67A /* Weather.swift in Sources */,
				91A0DBDA2047150F00D7B67A /* Player.swift in Sources */,
				91A0DBD62047150F00D7B67A /* BattleEngine.swift in Sources */,
				91EA2160206F859800C4B26D /* VolatileStatus.swift in Sources */,
				91AA191A20A29996004BF788 /* Generation.swift in Sources */,
				91A0DBE32047150F00D7B67A /* Type.swift in Sources */,
			);
			runOnlyForDeploymentPostprocessing = 0;
		};
		91A0DB652047102400D7B67A /* Sources */ = {
			isa = PBXSourcesBuildPhase;
			buildActionMask = 2147483647;
			files = (
				91A0DC032047151100D7B67A /* PokemonSpecies.swift in Sources */,
				91A0DC082047151100D7B67A /* Turn.swift in Sources */,
				91A0DBF82047151100D7B67A /* Ability.swift in Sources */,
				91A0DC042047151100D7B67A /* Random.swift in Sources */,
				91A0DC052047151100D7B67A /* Stats.swift in Sources */,
				91A0DBFE2047151100D7B67A /* MovesetItem.swift in Sources */,
				91A0DC012047151100D7B67A /* Pokedex.swift in Sources */,
				911CDEC021975C7F0038E08F /* Time.swift in Sources */,
				91A0DBF92047151100D7B67A /* Action.swift in Sources */,
				91A0DBFA2047151100D7B67A /* Attack.swift in Sources */,
				916FCD4B247048FA00D2A41C /* Queries.swift in Sources */,
				91B06AC020C9E158005488E9 /* EggGroup.swift in Sources */,
				91A0DBFD2047151100D7B67A /* BattleEngineViewer.swift in Sources */,
				911CDEB2219759400038E08F /* PokemonEvolution.swift in Sources */,
				911CDEB9219759A90038E08F /* Gender.swift in Sources */,
				91A0DC022047151100D7B67A /* Pokemon.swift in Sources */,
				91A0DBFB2047151100D7B67A /* BattleAction.swift in Sources */,
				91A0DC062047151100D7B67A /* Status.swift in Sources */,
				91A0DBFF2047151100D7B67A /* Nature.swift in Sources */,
				91A0DC072047151100D7B67A /* Terrain.swift in Sources */,
				91A0DC0A2047151100D7B67A /* Weather.swift in Sources */,
				91A0DC002047151100D7B67A /* Player.swift in Sources */,
				91A0DBFC2047151100D7B67A /* BattleEngine.swift in Sources */,
				91EA2162206F859800C4B26D /* VolatileStatus.swift in Sources */,
				91AA191B20A29996004BF788 /* Generation.swift in Sources */,
				91A0DC092047151100D7B67A /* Type.swift in Sources */,
			);
			runOnlyForDeploymentPostprocessing = 0;
		};
		91A0DB72204710C600D7B67A /* Sources */ = {
			isa = PBXSourcesBuildPhase;
			buildActionMask = 2147483647;
			files = (
				91A0DB79204710C600D7B67A /* PokemonKitTests.swift in Sources */,
				91C5F97E219CF79D008374F1 /* AccessTest.swift in Sources */,
				91EA5317207BE150005A62CC /* StatusTests.swift in Sources */,
			);
			runOnlyForDeploymentPostprocessing = 0;
		};
		91A0DB81204710D000D7B67A /* Sources */ = {
			isa = PBXSourcesBuildPhase;
			buildActionMask = 2147483647;
			files = (
				91C5F97F219CF79D008374F1 /* AccessTest.swift in Sources */,
				91EA5318207BE150005A62CC /* StatusTests.swift in Sources */,
				91FF59C220472F9C00CBEBD5 /* PokemonKitTests.swift in Sources */,
			);
			runOnlyForDeploymentPostprocessing = 0;
		};
		91A0DB90204710D900D7B67A /* Sources */ = {
			isa = PBXSourcesBuildPhase;
			buildActionMask = 2147483647;
			files = (
				91C5F980219CF79D008374F1 /* AccessTest.swift in Sources */,
				91EA5319207BE150005A62CC /* StatusTests.swift in Sources */,
				91FF59C320472F9D00CBEBD5 /* PokemonKitTests.swift in Sources */,
			);
			runOnlyForDeploymentPostprocessing = 0;
		};
/* End PBXSourcesBuildPhase section */

/* Begin PBXTargetDependency section */
		91A0DB7D204710C600D7B67A /* PBXTargetDependency */ = {
			isa = PBXTargetDependency;
			target = 91A0DB4F20470FFD00D7B67A /* PokemonKit-iOS */;
			targetProxy = 91A0DB7C204710C600D7B67A /* PBXContainerItemProxy */;
		};
		91A0DB8C204710D000D7B67A /* PBXTargetDependency */ = {
			isa = PBXTargetDependency;
			target = 91A0DB5C2047101A00D7B67A /* PokemonKit-macOS */;
			targetProxy = 91A0DB8B204710D000D7B67A /* PBXContainerItemProxy */;
		};
		91A0DB9B204710D900D7B67A /* PBXTargetDependency */ = {
			isa = PBXTargetDependency;
			target = 91A0DB692047102400D7B67A /* PokemonKit-tvOS */;
			targetProxy = 91A0DB9A204710D900D7B67A /* PBXContainerItemProxy */;
		};
/* End PBXTargetDependency section */

/* Begin XCBuildConfiguration section */
		91A0DB1C204706FA00D7B67A /* Debug */ = {
			isa = XCBuildConfiguration;
			buildSettings = {
				ALWAYS_SEARCH_USER_PATHS = NO;
				APPLICATION_EXTENSION_API_ONLY = YES;
				CLANG_ANALYZER_NONNULL = YES;
				CLANG_ANALYZER_NUMBER_OBJECT_CONVERSION = YES_AGGRESSIVE;
				CLANG_CXX_LANGUAGE_STANDARD = "gnu++14";
				CLANG_CXX_LIBRARY = "libc++";
				CLANG_ENABLE_MODULES = YES;
				CLANG_ENABLE_OBJC_ARC = YES;
				CLANG_WARN_BLOCK_CAPTURE_AUTORELEASING = YES;
				CLANG_WARN_BOOL_CONVERSION = YES;
				CLANG_WARN_COMMA = YES;
				CLANG_WARN_CONSTANT_CONVERSION = YES;
				CLANG_WARN_DEPRECATED_OBJC_IMPLEMENTATIONS = YES;
				CLANG_WARN_DIRECT_OBJC_ISA_USAGE = YES_ERROR;
				CLANG_WARN_DOCUMENTATION_COMMENTS = YES;
				CLANG_WARN_EMPTY_BODY = YES;
				CLANG_WARN_ENUM_CONVERSION = YES;
				CLANG_WARN_INFINITE_RECURSION = YES;
				CLANG_WARN_INT_CONVERSION = YES;
				CLANG_WARN_NON_LITERAL_NULL_CONVERSION = YES;
				CLANG_WARN_OBJC_IMPLICIT_RETAIN_SELF = YES;
				CLANG_WARN_OBJC_LITERAL_CONVERSION = YES;
				CLANG_WARN_OBJC_ROOT_CLASS = YES_ERROR;
				CLANG_WARN_RANGE_LOOP_ANALYSIS = YES;
				CLANG_WARN_STRICT_PROTOTYPES = YES;
				CLANG_WARN_SUSPICIOUS_MOVE = YES;
				CLANG_WARN_UNGUARDED_AVAILABILITY = YES_AGGRESSIVE;
				CLANG_WARN_UNREACHABLE_CODE = YES;
				CLANG_WARN__DUPLICATE_METHOD_MATCH = YES;
				CODE_SIGN_IDENTITY = "iPhone Developer";
				COPY_PHASE_STRIP = NO;
				CURRENT_PROJECT_VERSION = 1;
				DEBUG_INFORMATION_FORMAT = dwarf;
				ENABLE_STRICT_OBJC_MSGSEND = YES;
				ENABLE_TESTABILITY = YES;
				GCC_C_LANGUAGE_STANDARD = gnu11;
				GCC_DYNAMIC_NO_PIC = NO;
				GCC_NO_COMMON_BLOCKS = YES;
				GCC_OPTIMIZATION_LEVEL = 0;
				GCC_PREPROCESSOR_DEFINITIONS = (
					"DEBUG=1",
					"$(inherited)",
				);
				GCC_WARN_64_TO_32_BIT_CONVERSION = YES;
				GCC_WARN_ABOUT_RETURN_TYPE = YES_ERROR;
				GCC_WARN_UNDECLARED_SELECTOR = YES;
				GCC_WARN_UNINITIALIZED_AUTOS = YES_AGGRESSIVE;
				GCC_WARN_UNUSED_FUNCTION = YES;
				GCC_WARN_UNUSED_VARIABLE = YES;
				IPHONEOS_DEPLOYMENT_TARGET = 12.0;
				MACOSX_DEPLOYMENT_TARGET = 10.12;
				MTL_ENABLE_DEBUG_INFO = YES;
				ONLY_ACTIVE_ARCH = YES;
				SDKROOT = iphoneos;
				SWIFT_ACTIVE_COMPILATION_CONDITIONS = DEBUG;
				"SWIFT_INCLUDE_PATHS[arch=*]" = PokemonKit;
				SWIFT_OPTIMIZATION_LEVEL = "-Onone";
				SWIFT_VERSION = 5.0;
				TVOS_DEPLOYMENT_TARGET = 11.2;
				VERSIONING_SYSTEM = "apple-generic";
				VERSION_INFO_PREFIX = "";
			};
			name = Debug;
		};
		91A0DB1D204706FA00D7B67A /* Release */ = {
			isa = XCBuildConfiguration;
			buildSettings = {
				ALWAYS_SEARCH_USER_PATHS = NO;
				APPLICATION_EXTENSION_API_ONLY = YES;
				CLANG_ANALYZER_NONNULL = YES;
				CLANG_ANALYZER_NUMBER_OBJECT_CONVERSION = YES_AGGRESSIVE;
				CLANG_CXX_LANGUAGE_STANDARD = "gnu++14";
				CLANG_CXX_LIBRARY = "libc++";
				CLANG_ENABLE_MODULES = YES;
				CLANG_ENABLE_OBJC_ARC = YES;
				CLANG_WARN_BLOCK_CAPTURE_AUTORELEASING = YES;
				CLANG_WARN_BOOL_CONVERSION = YES;
				CLANG_WARN_COMMA = YES;
				CLANG_WARN_CONSTANT_CONVERSION = YES;
				CLANG_WARN_DEPRECATED_OBJC_IMPLEMENTATIONS = YES;
				CLANG_WARN_DIRECT_OBJC_ISA_USAGE = YES_ERROR;
				CLANG_WARN_DOCUMENTATION_COMMENTS = YES;
				CLANG_WARN_EMPTY_BODY = YES;
				CLANG_WARN_ENUM_CONVERSION = YES;
				CLANG_WARN_INFINITE_RECURSION = YES;
				CLANG_WARN_INT_CONVERSION = YES;
				CLANG_WARN_NON_LITERAL_NULL_CONVERSION = YES;
				CLANG_WARN_OBJC_IMPLICIT_RETAIN_SELF = YES;
				CLANG_WARN_OBJC_LITERAL_CONVERSION = YES;
				CLANG_WARN_OBJC_ROOT_CLASS = YES_ERROR;
				CLANG_WARN_RANGE_LOOP_ANALYSIS = YES;
				CLANG_WARN_STRICT_PROTOTYPES = YES;
				CLANG_WARN_SUSPICIOUS_MOVE = YES;
				CLANG_WARN_UNGUARDED_AVAILABILITY = YES_AGGRESSIVE;
				CLANG_WARN_UNREACHABLE_CODE = YES;
				CLANG_WARN__DUPLICATE_METHOD_MATCH = YES;
				CODE_SIGN_IDENTITY = "iPhone Developer";
				COPY_PHASE_STRIP = NO;
				CURRENT_PROJECT_VERSION = 1;
				DEBUG_INFORMATION_FORMAT = "dwarf-with-dsym";
				ENABLE_NS_ASSERTIONS = NO;
				ENABLE_STRICT_OBJC_MSGSEND = YES;
				GCC_C_LANGUAGE_STANDARD = gnu11;
				GCC_NO_COMMON_BLOCKS = YES;
				GCC_WARN_64_TO_32_BIT_CONVERSION = YES;
				GCC_WARN_ABOUT_RETURN_TYPE = YES_ERROR;
				GCC_WARN_UNDECLARED_SELECTOR = YES;
				GCC_WARN_UNINITIALIZED_AUTOS = YES_AGGRESSIVE;
				GCC_WARN_UNUSED_FUNCTION = YES;
				GCC_WARN_UNUSED_VARIABLE = YES;
				IPHONEOS_DEPLOYMENT_TARGET = 12.0;
				MACOSX_DEPLOYMENT_TARGET = 10.12;
				MTL_ENABLE_DEBUG_INFO = NO;
				SDKROOT = iphoneos;
				"SWIFT_INCLUDE_PATHS[arch=*]" = PokemonKit;
				SWIFT_OPTIMIZATION_LEVEL = "-Owholemodule";
				SWIFT_VERSION = 5.0;
				TVOS_DEPLOYMENT_TARGET = 11.2;
				VALIDATE_PRODUCT = YES;
				VERSIONING_SYSTEM = "apple-generic";
				VERSION_INFO_PREFIX = "";
			};
			name = Release;
		};
		91A0DB5620470FFD00D7B67A /* Debug */ = {
			isa = XCBuildConfiguration;
			buildSettings = {
				APPLICATION_EXTENSION_API_ONLY = YES;
				CODE_SIGN_IDENTITY = "";
				CODE_SIGN_STYLE = Automatic;
				DEFINES_MODULE = YES;
				DEVELOPMENT_TEAM = RP3TV2HAFG;
				DYLIB_COMPATIBILITY_VERSION = 1;
				DYLIB_CURRENT_VERSION = 1;
				DYLIB_INSTALL_NAME_BASE = "@rpath";
				FRAMEWORK_SEARCH_PATHS = (
					"$(inherited)",
					"$(PROJECT_DIR)/Carthage/Build/iOS",
				);
				INFOPLIST_FILE = PokemonKit/Assets/iOS/Info.plist;
				INSTALL_PATH = "$(LOCAL_LIBRARY_DIR)/Frameworks";
				LD_RUNPATH_SEARCH_PATHS = "$(inherited) @executable_path/Frameworks @loader_path/Frameworks";
				PRODUCT_BUNDLE_IDENTIFIER = "co.rhysmorgan.PokemonKit-iOS";
				PRODUCT_NAME = PokemonKit;
				SKIP_INSTALL = YES;
				SWIFT_VERSION = 5.0;
				TARGETED_DEVICE_FAMILY = "1,2";
			};
			name = Debug;
		};
		91A0DB5720470FFD00D7B67A /* Release */ = {
			isa = XCBuildConfiguration;
			buildSettings = {
				APPLICATION_EXTENSION_API_ONLY = YES;
				CODE_SIGN_IDENTITY = "";
				CODE_SIGN_STYLE = Automatic;
				DEFINES_MODULE = YES;
				DEVELOPMENT_TEAM = RP3TV2HAFG;
				DYLIB_COMPATIBILITY_VERSION = 1;
				DYLIB_CURRENT_VERSION = 1;
				DYLIB_INSTALL_NAME_BASE = "@rpath";
				FRAMEWORK_SEARCH_PATHS = (
					"$(inherited)",
					"$(PROJECT_DIR)/Carthage/Build/iOS",
				);
				INFOPLIST_FILE = PokemonKit/Assets/iOS/Info.plist;
				INSTALL_PATH = "$(LOCAL_LIBRARY_DIR)/Frameworks";
				LD_RUNPATH_SEARCH_PATHS = "$(inherited) @executable_path/Frameworks @loader_path/Frameworks";
				PRODUCT_BUNDLE_IDENTIFIER = "co.rhysmorgan.PokemonKit-iOS";
				PRODUCT_NAME = PokemonKit;
				SKIP_INSTALL = YES;
				SWIFT_VERSION = 5.0;
				TARGETED_DEVICE_FAMILY = "1,2";
			};
			name = Release;
		};
		91A0DB632047101A00D7B67A /* Debug */ = {
			isa = XCBuildConfiguration;
			buildSettings = {
				CODE_SIGN_IDENTITY = "";
				CODE_SIGN_STYLE = Automatic;
				COMBINE_HIDPI_IMAGES = YES;
				DEFINES_MODULE = YES;
				DEVELOPMENT_TEAM = RP3TV2HAFG;
				DYLIB_COMPATIBILITY_VERSION = 1;
				DYLIB_CURRENT_VERSION = 1;
				DYLIB_INSTALL_NAME_BASE = "@rpath";
				FRAMEWORK_SEARCH_PATHS = (
					"$(inherited)",
					"$(PROJECT_DIR)/Carthage/Build/Mac",
				);
				FRAMEWORK_VERSION = A;
				INFOPLIST_FILE = PokemonKit/Assets/macOS/Info.plist;
				INSTALL_PATH = "$(LOCAL_LIBRARY_DIR)/Frameworks";
				LD_RUNPATH_SEARCH_PATHS = "$(inherited) @executable_path/../Frameworks @loader_path/Frameworks";
				MACOSX_DEPLOYMENT_TARGET = 10.13;
				PRODUCT_BUNDLE_IDENTIFIER = "co.rhysmorgan.PokemonKit-macOS";
				PRODUCT_NAME = PokemonKit;
				SDKROOT = macosx;
				SKIP_INSTALL = YES;
				SWIFT_VERSION = 5.0;
			};
			name = Debug;
		};
		91A0DB642047101A00D7B67A /* Release */ = {
			isa = XCBuildConfiguration;
			buildSettings = {
				CODE_SIGN_IDENTITY = "";
				CODE_SIGN_STYLE = Automatic;
				COMBINE_HIDPI_IMAGES = YES;
				DEFINES_MODULE = YES;
				DEVELOPMENT_TEAM = RP3TV2HAFG;
				DYLIB_COMPATIBILITY_VERSION = 1;
				DYLIB_CURRENT_VERSION = 1;
				DYLIB_INSTALL_NAME_BASE = "@rpath";
				FRAMEWORK_SEARCH_PATHS = (
					"$(inherited)",
					"$(PROJECT_DIR)/Carthage/Build/Mac",
				);
				FRAMEWORK_VERSION = A;
				INFOPLIST_FILE = PokemonKit/Assets/macOS/Info.plist;
				INSTALL_PATH = "$(LOCAL_LIBRARY_DIR)/Frameworks";
				LD_RUNPATH_SEARCH_PATHS = "$(inherited) @executable_path/../Frameworks @loader_path/Frameworks";
				MACOSX_DEPLOYMENT_TARGET = 10.13;
				PRODUCT_BUNDLE_IDENTIFIER = "co.rhysmorgan.PokemonKit-macOS";
				PRODUCT_NAME = PokemonKit;
				SDKROOT = macosx;
				SKIP_INSTALL = YES;
				SWIFT_VERSION = 5.0;
			};
			name = Release;
		};
		91A0DB702047102500D7B67A /* Debug */ = {
			isa = XCBuildConfiguration;
			buildSettings = {
				CODE_SIGN_IDENTITY = "";
				CODE_SIGN_STYLE = Automatic;
				DEFINES_MODULE = YES;
				DEVELOPMENT_TEAM = RP3TV2HAFG;
				DYLIB_COMPATIBILITY_VERSION = 1;
				DYLIB_CURRENT_VERSION = 1;
				DYLIB_INSTALL_NAME_BASE = "@rpath";
				FRAMEWORK_SEARCH_PATHS = (
					"$(inherited)",
					"$(PROJECT_DIR)/Carthage/Build/tvOS",
				);
				INFOPLIST_FILE = PokemonKit/Assets/tvOS/Info.plist;
				INSTALL_PATH = "$(LOCAL_LIBRARY_DIR)/Frameworks";
				LD_RUNPATH_SEARCH_PATHS = "$(inherited) @executable_path/Frameworks @loader_path/Frameworks";
				PRODUCT_BUNDLE_IDENTIFIER = "co.rhysmorgan.PokemonKit-tvOS";
				PRODUCT_NAME = PokemonKit;
				SDKROOT = appletvos;
				SKIP_INSTALL = YES;
				SWIFT_VERSION = 5.0;
				TARGETED_DEVICE_FAMILY = 3;
				TVOS_DEPLOYMENT_TARGET = 11.2;
			};
			name = Debug;
		};
		91A0DB712047102500D7B67A /* Release */ = {
			isa = XCBuildConfiguration;
			buildSettings = {
				CODE_SIGN_IDENTITY = "";
				CODE_SIGN_STYLE = Automatic;
				DEFINES_MODULE = YES;
				DEVELOPMENT_TEAM = RP3TV2HAFG;
				DYLIB_COMPATIBILITY_VERSION = 1;
				DYLIB_CURRENT_VERSION = 1;
				DYLIB_INSTALL_NAME_BASE = "@rpath";
				FRAMEWORK_SEARCH_PATHS = (
					"$(inherited)",
					"$(PROJECT_DIR)/Carthage/Build/tvOS",
				);
				INFOPLIST_FILE = PokemonKit/Assets/tvOS/Info.plist;
				INSTALL_PATH = "$(LOCAL_LIBRARY_DIR)/Frameworks";
				LD_RUNPATH_SEARCH_PATHS = "$(inherited) @executable_path/Frameworks @loader_path/Frameworks";
				PRODUCT_BUNDLE_IDENTIFIER = "co.rhysmorgan.PokemonKit-tvOS";
				PRODUCT_NAME = PokemonKit;
				SDKROOT = appletvos;
				SKIP_INSTALL = YES;
				SWIFT_VERSION = 5.0;
				TARGETED_DEVICE_FAMILY = 3;
				TVOS_DEPLOYMENT_TARGET = 11.2;
			};
			name = Release;
		};
		91A0DB7F204710C600D7B67A /* Debug */ = {
			isa = XCBuildConfiguration;
			buildSettings = {
				ALWAYS_EMBED_SWIFT_STANDARD_LIBRARIES = YES;
				APPLICATION_EXTENSION_API_ONLY = NO;
				CODE_SIGN_STYLE = Automatic;
				DEVELOPMENT_TEAM = RP3TV2HAFG;
				FRAMEWORK_SEARCH_PATHS = (
					"$(inherited)",
					"$(PROJECT_DIR)/Carthage/Build/iOS",
				);
				INFOPLIST_FILE = PokemonKit/Tests/iOS/Info.plist;
				LD_RUNPATH_SEARCH_PATHS = "$(inherited) @executable_path/Frameworks @loader_path/Frameworks";
				PRODUCT_BUNDLE_IDENTIFIER = "co.rhysmorgan.PokemonKit-iOSTests";
				PRODUCT_NAME = "$(TARGET_NAME)";
				SWIFT_VERSION = 5.0;
				TARGETED_DEVICE_FAMILY = "1,2";
			};
			name = Debug;
		};
		91A0DB80204710C600D7B67A /* Release */ = {
			isa = XCBuildConfiguration;
			buildSettings = {
				ALWAYS_EMBED_SWIFT_STANDARD_LIBRARIES = YES;
				APPLICATION_EXTENSION_API_ONLY = NO;
				CODE_SIGN_STYLE = Automatic;
				DEVELOPMENT_TEAM = RP3TV2HAFG;
				FRAMEWORK_SEARCH_PATHS = (
					"$(inherited)",
					"$(PROJECT_DIR)/Carthage/Build/iOS",
				);
				INFOPLIST_FILE = PokemonKit/Tests/iOS/Info.plist;
				LD_RUNPATH_SEARCH_PATHS = "$(inherited) @executable_path/Frameworks @loader_path/Frameworks";
				PRODUCT_BUNDLE_IDENTIFIER = "co.rhysmorgan.PokemonKit-iOSTests";
				PRODUCT_NAME = "$(TARGET_NAME)";
				SWIFT_VERSION = 5.0;
				TARGETED_DEVICE_FAMILY = "1,2";
			};
			name = Release;
		};
		91A0DB8E204710D000D7B67A /* Debug */ = {
			isa = XCBuildConfiguration;
			buildSettings = {
				ALWAYS_EMBED_SWIFT_STANDARD_LIBRARIES = YES;
				APPLICATION_EXTENSION_API_ONLY = NO;
				CODE_SIGN_IDENTITY = "Mac Developer";
				CODE_SIGN_STYLE = Automatic;
				COMBINE_HIDPI_IMAGES = YES;
				DEVELOPMENT_TEAM = RP3TV2HAFG;
				FRAMEWORK_SEARCH_PATHS = (
					"$(inherited)",
					"$(PROJECT_DIR)/Carthage/Build/Mac",
				);
				INFOPLIST_FILE = PokemonKit/Tests/macOS/Info.plist;
				LD_RUNPATH_SEARCH_PATHS = "$(inherited) @executable_path/../Frameworks @loader_path/../Frameworks";
				MACOSX_DEPLOYMENT_TARGET = 10.13;
				PRODUCT_BUNDLE_IDENTIFIER = "co.rhysmorgan.PokemonKit-macOSTests";
				PRODUCT_NAME = "$(TARGET_NAME)";
				SDKROOT = macosx;
				SWIFT_VERSION = 5.0;
			};
			name = Debug;
		};
		91A0DB8F204710D000D7B67A /* Release */ = {
			isa = XCBuildConfiguration;
			buildSettings = {
				ALWAYS_EMBED_SWIFT_STANDARD_LIBRARIES = YES;
				APPLICATION_EXTENSION_API_ONLY = NO;
				CODE_SIGN_IDENTITY = "Mac Developer";
				CODE_SIGN_STYLE = Automatic;
				COMBINE_HIDPI_IMAGES = YES;
				DEVELOPMENT_TEAM = RP3TV2HAFG;
				FRAMEWORK_SEARCH_PATHS = (
					"$(inherited)",
					"$(PROJECT_DIR)/Carthage/Build/Mac",
				);
				INFOPLIST_FILE = PokemonKit/Tests/macOS/Info.plist;
				LD_RUNPATH_SEARCH_PATHS = "$(inherited) @executable_path/../Frameworks @loader_path/../Frameworks";
				MACOSX_DEPLOYMENT_TARGET = 10.13;
				PRODUCT_BUNDLE_IDENTIFIER = "co.rhysmorgan.PokemonKit-macOSTests";
				PRODUCT_NAME = "$(TARGET_NAME)";
				SDKROOT = macosx;
				SWIFT_VERSION = 5.0;
			};
			name = Release;
		};
		91A0DB9D204710D900D7B67A /* Debug */ = {
			isa = XCBuildConfiguration;
			buildSettings = {
				ALWAYS_EMBED_SWIFT_STANDARD_LIBRARIES = YES;
				APPLICATION_EXTENSION_API_ONLY = NO;
				CODE_SIGN_STYLE = Automatic;
				DEVELOPMENT_TEAM = RP3TV2HAFG;
				FRAMEWORK_SEARCH_PATHS = (
					"$(inherited)",
					"$(PROJECT_DIR)/Carthage/Build/tvOS",
				);
				INFOPLIST_FILE = PokemonKit/Tests/tvOS/Info.plist;
				LD_RUNPATH_SEARCH_PATHS = "$(inherited) @executable_path/Frameworks @loader_path/Frameworks";
				PRODUCT_BUNDLE_IDENTIFIER = "co.rhysmorgan.PokemonKit-tvOSTests";
				PRODUCT_NAME = "$(TARGET_NAME)";
				SDKROOT = appletvos;
				SWIFT_VERSION = 5.0;
				TARGETED_DEVICE_FAMILY = 3;
				TVOS_DEPLOYMENT_TARGET = 11.2;
			};
			name = Debug;
		};
		91A0DB9E204710D900D7B67A /* Release */ = {
			isa = XCBuildConfiguration;
			buildSettings = {
				ALWAYS_EMBED_SWIFT_STANDARD_LIBRARIES = YES;
				APPLICATION_EXTENSION_API_ONLY = NO;
				CODE_SIGN_STYLE = Automatic;
				DEVELOPMENT_TEAM = RP3TV2HAFG;
				FRAMEWORK_SEARCH_PATHS = (
					"$(inherited)",
					"$(PROJECT_DIR)/Carthage/Build/tvOS",
				);
				INFOPLIST_FILE = PokemonKit/Tests/tvOS/Info.plist;
				LD_RUNPATH_SEARCH_PATHS = "$(inherited) @executable_path/Frameworks @loader_path/Frameworks";
				PRODUCT_BUNDLE_IDENTIFIER = "co.rhysmorgan.PokemonKit-tvOSTests";
				PRODUCT_NAME = "$(TARGET_NAME)";
				SDKROOT = appletvos;
				SWIFT_VERSION = 5.0;
				TARGETED_DEVICE_FAMILY = 3;
				TVOS_DEPLOYMENT_TARGET = 11.2;
			};
			name = Release;
		};
/* End XCBuildConfiguration section */

/* Begin XCConfigurationList section */
		91A0DB10204706FA00D7B67A /* Build configuration list for PBXProject "PokemonKit" */ = {
			isa = XCConfigurationList;
			buildConfigurations = (
				91A0DB1C204706FA00D7B67A /* Debug */,
				91A0DB1D204706FA00D7B67A /* Release */,
			);
			defaultConfigurationIsVisible = 0;
			defaultConfigurationName = Release;
		};
		91A0DB5520470FFD00D7B67A /* Build configuration list for PBXNativeTarget "PokemonKit-iOS" */ = {
			isa = XCConfigurationList;
			buildConfigurations = (
				91A0DB5620470FFD00D7B67A /* Debug */,
				91A0DB5720470FFD00D7B67A /* Release */,
			);
			defaultConfigurationIsVisible = 0;
			defaultConfigurationName = Release;
		};
		91A0DB622047101A00D7B67A /* Build configuration list for PBXNativeTarget "PokemonKit-macOS" */ = {
			isa = XCConfigurationList;
			buildConfigurations = (
				91A0DB632047101A00D7B67A /* Debug */,
				91A0DB642047101A00D7B67A /* Release */,
			);
			defaultConfigurationIsVisible = 0;
			defaultConfigurationName = Release;
		};
		91A0DB6F2047102500D7B67A /* Build configuration list for PBXNativeTarget "PokemonKit-tvOS" */ = {
			isa = XCConfigurationList;
			buildConfigurations = (
				91A0DB702047102500D7B67A /* Debug */,
				91A0DB712047102500D7B67A /* Release */,
			);
			defaultConfigurationIsVisible = 0;
			defaultConfigurationName = Release;
		};
		91A0DB7E204710C600D7B67A /* Build configuration list for PBXNativeTarget "PokemonKit_iOSTests" */ = {
			isa = XCConfigurationList;
			buildConfigurations = (
				91A0DB7F204710C600D7B67A /* Debug */,
				91A0DB80204710C600D7B67A /* Release */,
			);
			defaultConfigurationIsVisible = 0;
			defaultConfigurationName = Release;
		};
		91A0DB8D204710D000D7B67A /* Build configuration list for PBXNativeTarget "PokemonKit_macOSTests" */ = {
			isa = XCConfigurationList;
			buildConfigurations = (
				91A0DB8E204710D000D7B67A /* Debug */,
				91A0DB8F204710D000D7B67A /* Release */,
			);
			defaultConfigurationIsVisible = 0;
			defaultConfigurationName = Release;
		};
		91A0DB9C204710D900D7B67A /* Build configuration list for PBXNativeTarget "PokemonKit_tvOSTests" */ = {
			isa = XCConfigurationList;
			buildConfigurations = (
				91A0DB9D204710D900D7B67A /* Debug */,
				91A0DB9E204710D900D7B67A /* Release */,
			);
			defaultConfigurationIsVisible = 0;
			defaultConfigurationName = Release;
		};
/* End XCConfigurationList section */
	};
	rootObject = 91A0DB0D204706FA00D7B67A /* Project object */;
}
